Microsoft Visual Studio Solution File, Format Version 12.00
# Visual Studio 2012
Project("{FAE04EC0-301F-11D3-BF4B-00C04F79EFBC}") = "Godot Simple Platformer", "Godot Simple Platformer.csproj", "{BB42AFD0-2BD1-47D3-AE1C-B65BE43A08E5}"
EndProject
Global
	GlobalSection(SolutionConfigurationPlatforms) = preSolution
	Debug|Any CPU = Debug|Any CPU
	ExportDebug|Any CPU = ExportDebug|Any CPU
	ExportRelease|Any CPU = ExportRelease|Any CPU
	EndGlobalSection
	GlobalSection(ProjectConfigurationPlatforms) = postSolution
		{BB42AFD0-2BD1-47D3-AE1C-B65BE43A08E5}.Debug|Any CPU.ActiveCfg = Debug|Any CPU
		{BB42AFD0-2BD1-47D3-AE1C-B65BE43A08E5}.Debug|Any CPU.Build.0 = Debug|Any CPU
		{BB42AFD0-2BD1-47D3-AE1C-B65BE43A08E5}.ExportDebug|Any CPU.ActiveCfg = ExportDebug|Any CPU
		{BB42AFD0-2BD1-47D3-AE1C-B65BE43A08E5}.ExportDebug|Any CPU.Build.0 = ExportDebug|Any CPU
		{BB42AFD0-2BD1-47D3-AE1C-B65BE43A08E5}.ExportRelease|Any CPU.ActiveCfg = ExportRelease|Any CPU
		{BB42AFD0-2BD1-47D3-AE1C-B65BE43A08E5}.ExportRelease|Any CPU.Build.0 = ExportRelease|Any CPU
	EndGlobalSection
EndGlobal
